PODS:
  - MKDataDetector (0.9.4)

DEPENDENCIES:
  - MKDataDetector (from `https://github.com/mayankk2308/mkdatadetector-swift.git`)

EXTERNAL SOURCES:
  MKDataDetector:
    :git: https://github.com/mayankk2308/mkdatadetector-swift.git

CHECKOUT OPTIONS:
  MKDataDetector:
    :commit: eb55118899b8cd18d395ec7fcd5e942c0d3cc97c
    :git: https://github.com/mayankk2308/mkdatadetector-swift.git

SPEC CHECKSUMS:
  MKDataDetector: 37898bc84179314063d656060f58f830a8574460

PODFILE CHECKSUM: c73f9692c8f2d4ea4001c67e2d5cef30bc293e7e

COCOAPODS: 1.2.1
